schema: '2.0'
stages:
  data_ingestion:
    cmd: python src/data_ingestion.py
    deps:
    - path: src/data_ingestion.py
      hash: md5
      md5: 950f3b84bd63b8839fc8f127acc9f9a1
      size: 4167
    params:
      params.yaml:
        data_ingestion.test_size: 0.2
    outs:
    - path: data/raw
      hash: md5
      md5: 1a287d34dc172d9f950c03dae35f7e73.dir
      size: 484846
      nfiles: 2
  data_preprocessing:
    cmd: python src/data_preprocessing.py
    deps:
    - path: data/raw
      hash: md5
      md5: 1a287d34dc172d9f950c03dae35f7e73.dir
      size: 484846
      nfiles: 2
    - path: src/data_preprocessing.py
      hash: md5
      md5: 0fc5e8257710b229f8f4e39d44525f87
      size: 4058
    outs:
    - path: data/interim
      hash: md5
      md5: d99be5cb2b019d747166f90739fa6d08.dir
      size: 260073
      nfiles: 2
  feature_engineering:
    cmd: python src/feature_engineering.py
    deps:
    - path: data/interim
      hash: md5
      md5: d99be5cb2b019d747166f90739fa6d08.dir
      size: 260073
      nfiles: 2
    - path: src/feature_engineering.py
      hash: md5
      md5: 941a6a97feccf103dd649798cecf6568
      size: 4465
    params:
      params.yaml:
        feature_engineering.max_features: 35
    outs:
    - path: data/processed
      hash: md5
      md5: 6022c6023d401eea3fbbbd2bf8886e19.dir
      size: 834750
      nfiles: 2
  model_building:
    cmd: python src/model_building.py
    deps:
    - path: data/processed
      hash: md5
      md5: 6022c6023d401eea3fbbbd2bf8886e19.dir
      size: 834750
      nfiles: 2
    - path: src/model_building.py
      hash: md5
      md5: edbaa22d2ac0c06e70e65899319a899a
      size: 4647
    params:
      params.yaml:
        model_building.n_estimators: 22
        model_building.random_state: 2
    outs:
    - path: models/model.pkl
      hash: md5
      md5: e9fed3b91b1be274aa8aabeff1a4809e
      size: 720146
  model_evaluation:
    cmd: python src/model_evaluation.py
    deps:
    - path: models/model.pkl
      hash: md5
      md5: e9fed3b91b1be274aa8aabeff1a4809e
      size: 720146
    - path: src/model_evaluation.py
      hash: md5
      md5: 9ba753d97403d24f645131995d83e964
      size: 4625
    outs:
    - path: reports/metrics.json
      hash: md5
      md5: abba219d58644dde3de017d8eedbd8b8
      size: 145
